
Microsoft Visual Studio Solution File, Format Version 12.00
# Visual Studio Version 17
VisualStudioVersion = 17.12.35521.163 d17.12
MinimumVisualStudioVersion = 10.0.40219.1
Project("{FAE04EC0-301F-11D3-BF4B-00C04F79EFBC}") = "ASINToplama_API", "ASINToplama_API\ASINToplama_API.csproj", "{AE3C8593-91D5-48D2-87F8-B67517CF7F31}"
EndProject
Project("{FAE04EC0-301F-11D3-BF4B-00C04F79EFBC}") = "ASINToplama_EntityLayer", "ASINToplama_EntityLayer\ASINToplama_EntityLayer.csproj", "{5F4D0F77-53A4-42D2-84AA-90153A502B73}"
EndProject
Project("{FAE04EC0-301F-11D3-BF4B-00C04F79EFBC}") = "ASINToplama_DataAccessLayer", "ASINToplama_DataAccessLayer\ASINToplama_DataAccessLayer.csproj", "{002B89D5-E81F-4868-BADF-1A45F69CD4FB}"
EndProject
Project("{FAE04EC0-301F-11D3-BF4B-00C04F79EFBC}") = "ASINToplama_BusinessLayer", "ASINToplama_BusinessLayer\ASINToplama_BusinessLayer.csproj", "{A7DE8E18-BB2D-4D12-8B2B-09CCA06CB335}"
EndProject
Project("{FAE04EC0-301F-11D3-BF4B-00C04F79EFBC}") = "ASINToplama_Tests", "ASINToplama_Tests\ASINToplama_Tests.csproj", "{36941B93-E74E-4202-90C0-06EEAD8CD23C}"
EndProject
Global
	GlobalSection(SolutionConfigurationPlatforms) = preSolution
		Debug|Any CPU = Debug|Any CPU
		Release|Any CPU = Release|Any CPU
	EndGlobalSection
	GlobalSection(ProjectConfigurationPlatforms) = postSolution
		{AE3C8593-91D5-48D2-87F8-B67517CF7F31}.Debug|Any CPU.ActiveCfg = Debug|Any CPU
		{AE3C8593-91D5-48D2-87F8-B67517CF7F31}.Debug|Any CPU.Build.0 = Debug|Any CPU
		{AE3C8593-91D5-48D2-87F8-B67517CF7F31}.Release|Any CPU.ActiveCfg = Release|Any CPU
		{AE3C8593-91D5-48D2-87F8-B67517CF7F31}.Release|Any CPU.Build.0 = Release|Any CPU
		{5F4D0F77-53A4-42D2-84AA-90153A502B73}.Debug|Any CPU.ActiveCfg = Debug|Any CPU
		{5F4D0F77-53A4-42D2-84AA-90153A502B73}.Debug|Any CPU.Build.0 = Debug|Any CPU
		{5F4D0F77-53A4-42D2-84AA-90153A502B73}.Release|Any CPU.ActiveCfg = Release|Any CPU
		{5F4D0F77-53A4-42D2-84AA-90153A502B73}.Release|Any CPU.Build.0 = Release|Any CPU
		{002B89D5-E81F-4868-BADF-1A45F69CD4FB}.Debug|Any CPU.ActiveCfg = Debug|Any CPU
		{002B89D5-E81F-4868-BADF-1A45F69CD4FB}.Debug|Any CPU.Build.0 = Debug|Any CPU
		{002B89D5-E81F-4868-BADF-1A45F69CD4FB}.Release|Any CPU.ActiveCfg = Release|Any CPU
		{002B89D5-E81F-4868-BADF-1A45F69CD4FB}.Release|Any CPU.Build.0 = Release|Any CPU
		{A7DE8E18-BB2D-4D12-8B2B-09CCA06CB335}.Debug|Any CPU.ActiveCfg = Debug|Any CPU
		{A7DE8E18-BB2D-4D12-8B2B-09CCA06CB335}.Debug|Any CPU.Build.0 = Debug|Any CPU
		{A7DE8E18-BB2D-4D12-8B2B-09CCA06CB335}.Release|Any CPU.ActiveCfg = Release|Any CPU
		{A7DE8E18-BB2D-4D12-8B2B-09CCA06CB335}.Release|Any CPU.Build.0 = Release|Any CPU
		{36941B93-E74E-4202-90C0-06EEAD8CD23C}.Debug|Any CPU.ActiveCfg = Debug|Any CPU
		{36941B93-E74E-4202-90C0-06EEAD8CD23C}.Debug|Any CPU.Build.0 = Debug|Any CPU
		{36941B93-E74E-4202-90C0-06EEAD8CD23C}.Release|Any CPU.ActiveCfg = Release|Any CPU
		{36941B93-E74E-4202-90C0-06EEAD8CD23C}.Release|Any CPU.Build.0 = Release|Any CPU
	EndGlobalSection
	GlobalSection(SolutionProperties) = preSolution
		HideSolutionNode = FALSE
	EndGlobalSection
EndGlobal
